
Microsoft Visual Studio Solution File, Format Version 12.00
# Visual Studio 15
VisualStudioVersion = 15.0.27703.2026
MinimumVisualStudioVersion = 10.0.40219.1
Project("{888888A0-9F3D-457C-B088-3A5042F75D52}") = "pixelborder", "pixelborder.pyproj", "{C3DDAD0A-5018-4231-A11D-38D4A1D8623D}"
EndProject
Global
	GlobalSection(SolutionConfigurationPlatforms) = preSolution
		Debug|Any CPU = Debug|Any CPU
		Release|Any CPU = Release|Any CPU
	EndGlobalSection
	GlobalSection(ProjectConfigurationPlatforms) = postSolution
		{C3DDAD0A-5018-4231-A11D-38D4A1D8623D}.Debug|Any CPU.ActiveCfg = Debug|Any CPU
		{C3DDAD0A-5018-4231-A11D-38D4A1D8623D}.Release|Any CPU.ActiveCfg = Release|Any CPU
	EndGlobalSection
	GlobalSection(SolutionProperties) = preSolution
		HideSolutionNode = FALSE
	EndGlobalSection
	GlobalSection(ExtensibilityGlobals) = postSolution
		SolutionGuid = {05EDB00E-4067-427E-8C4D-84DE791F3267}
	EndGlobalSection
EndGlobal
